
Microsoft Visual Studio Solution File, Format Version 12.00
# Visual Studio Version 18
VisualStudioVersion = 18.4.11612.150 stable
MinimumVisualStudioVersion = 10.0.40219.1
Project("{FAE04EC0-301F-11D3-BF4B-00C04F79EFBC}") = "StockApp", "StockApp.csproj", "{CCA3B4AB-B3CE-A977-E50B-F3E4D871DD95}"
EndProject
Global
	GlobalSection(SolutionConfigurationPlatforms) = preSolution
		Debug|Any CPU = Debug|Any CPU
		Release|Any CPU = Release|Any CPU
	EndGlobalSection
	GlobalSection(ProjectConfigurationPlatforms) = postSolution
		{CCA3B4AB-B3CE-A977-E50B-F3E4D871DD95}.Debug|Any CPU.ActiveCfg = Debug|Any CPU
		{CCA3B4AB-B3CE-A977-E50B-F3E4D871DD95}.Debug|Any CPU.Build.0 = Debug|Any CPU
		{CCA3B4AB-B3CE-A977-E50B-F3E4D871DD95}.Release|Any CPU.ActiveCfg = Release|Any CPU
		{CCA3B4AB-B3CE-A977-E50B-F3E4D871DD95}.Release|Any CPU.Build.0 = Release|Any CPU
	EndGlobalSection
	GlobalSection(SolutionProperties) = preSolution
		HideSolutionNode = FALSE
	EndGlobalSection
	GlobalSection(ExtensibilityGlobals) = postSolution
		SolutionGuid = {6B747C6D-742A-4C49-9778-B5ABBA20E28D}
	EndGlobalSection
EndGlobal
